{
  "requires": true,
  "lockfileVersion": 1,
  "dependencies": {
    "bootstrap": {
      "version": "5.0.0-beta1",
      "resolved": "https://registry.npmjs.org/bootstrap/-/bootstrap-5.0.0-beta1.tgz",
      "integrity": "sha512-UrHApw/WRmT7l2rlDdn5iXr7Jps/LlMZtJlLn9G41aGDfss48hyDeYyHtX1C6NHKVcmdUarGG+ve0LZB5iHyTQ=="
    },
    "fontsource-roboto": {
      "version": "3.1.5",
      "resolved": "https://registry.npmjs.org/fontsource-roboto/-/fontsource-roboto-3.1.5.tgz",
      "integrity": "sha512-DXSE7/F/6AsKcRJX4VSi3bGrEx0xiaqieeV2W7UH9JFk6tt1U86NoWwy2iNPoUzGtEyQsasilwhTrMJm7wM+Ew=="
    },
  }
}
